{
    "_meta": {
        "hash": {
            "sha256": "866b0d57dab1641c27938a6cd8a2b4da6204123c7cd78600984e39a8884bee17"
        },
        "pipfile-spec": 6,
        "requires": {
            "python_version": "3.8"
        },
        "sources": [
            {
                "name": "pypi",
                "url": "https://pypi.org/simple",
                "verify_ssl": true
            }
        ]
    },
    "default": {
        "beautifulsoup4": {
            "hashes": [
                "sha256:58d5c3d29f5a36ffeb94f02f0d786cd53014cf9b3b3951d42e0080d8a9498d30",
                "sha256:ad9aa55b65ef2808eb405f46cf74df7fcb7044d5cbc26487f96eb2ef2e436693"
            ],
            "index": "pypi",
            "version": "==4.11.1"
        },
        "certifi": {
            "hashes": [
                "sha256:0d9c601124e5a6ba9712dbc60d9c53c21e34f5f641fe83002317394311bdce14",
                "sha256:90c1a32f1d68f940488354e36370f6cca89f0f106db09518524c88d6ed83f382"
            ],
            "markers": "python_version >= '3.6'",
            "version": "==2022.9.24"
        },
        "charset-normalizer": {
            "hashes": [
                "sha256:5a3d016c7c547f69d6f81fb0db9449ce888b418b5b9952cc5e6e66843e9dd845",
                "sha256:83e9a75d1911279afd89352c68b45348559d1fc0506b054b346651b5e7fee29f"
            ],
            "markers": "python_full_version >= '3.6.0'",
            "version": "==2.1.1"
        },
        "idna": {
            "hashes": [
                "sha256:814f528e8dead7d329833b91c5faa87d60bf71824cd12a7530b5526063d02cb4",
                "sha256:90b77e79eaa3eba6de819a0c442c0b4ceefc341a7a2ab77d7562bf49f425c5c2"
            ],
            "markers": "python_version >= '3.5'",
            "version": "==3.4"
        },
        "pymupdf": {
            "hashes": [
                "sha256:133a466d7bf98a23e0b09ea79a27d3d8a3f6941a4ac1ee71947c7e96670b9fc0",
                "sha256:19cd56deefcdde40d31389a42c80f38e19213cbab5f13579f590faab6f74c267",
                "sha256:2133a8bcb7a28a9379249d5be4bac71db6899865b981e858551f28072b14baf1",
                "sha256:2ab85a283ea602aafde3c8cf41c30928e17e4aea91f64057181aa4ba2eb591e7",
                "sha256:362cf30d0962700f8639c554d83fffd9d33ec62de3356e8822bfaca0515ec7b9",
                "sha256:371f560ca168279bc28d4e14947817df7f5ffd369c2c289f9678c3f703c9239c",
                "sha256:491720d1a133e8b4f22d6b9b2a5aa460e1adc68d6388882544fa5ad2985b929e",
                "sha256:4c695c9e46d3157e585b97479844f7eeabb5ba8d756529f788c2053d503ba98a",
                "sha256:5fa1dfea26be28aa54faa6afa6d6eeeec049b7921d347f5e7f69f030c3fc2a67",
                "sha256:602d5392eac8ac7041f0ed9cab569bb4a356f1dcdfe54f3d2f8f17d862a0b96e",
                "sha256:65167764259c9b6061c4d68fffe0ba956b3c639a15d9125e6d8397c847a24914",
                "sha256:6c1f253eff2a29eca1273e8ced2e24eea9528e39a48590b65767ce98aa76e3b8",
                "sha256:711479db0f2e6321527404ca3a063405f68f25579761d721c28cdf519edaa1d6",
                "sha256:76552c9c6665633b65565bda2969a861e0373dddb5551f8ea7d08731b7cde4bc",
                "sha256:89c3d84aa4f0d6b37192c986e2e73aa2adc2643fe79caa805bf1934e852eecb6",
                "sha256:956da7f652ce184dcbdea65c88b5f7a98d8975587aa191143cd4035f6d403ff2",
                "sha256:a3803e74a5d732ded3e89d871b5f66fca03aeb1cd8b0db61c8d30990ca6bbc5d",
                "sha256:a63dfc289e127a16ab60310ee6005fe83121c7a97f7c120db688f9281c9e5d0f",
                "sha256:aa9a522527c2a9601e908bba1b2deb4f9e9e864dd3976d711aecd8939bdc4c21",
                "sha256:ad8b9a9d8a399e2274ef8864ec8ef243ce38a2337e71de1e432c8d701c9841a5",
                "sha256:af7df18b8e78f23b0457702facfb271d25235e0dc365852e18691b5d11928023",
                "sha256:af8f0ba66eb989a5ce2a319bfbc3d1b2b62219242ab91cf8b8c9c7e6a7ff4799",
                "sha256:c997258341715f8ba342d5aee7f4c47a9b0fe2352c4ca0c3dfa40c1df8e38ab4",
                "sha256:cae729e29eabf25fa050a3c239dbe35e92c92a98823bda837d5236cd68624a7a",
                "sha256:cebbeb5492e7bd3ce54305f08166d5b2c0c4c66a303db81e734dc9b79434b9d3",
                "sha256:d5da13d14852ef5c17101f84dd1ca49fb4a81c8aad93d91472e03ab482a1491e",
                "sha256:de2b60cc21d5c87c7d7dae2ce2d604315cc37173055e4c5049d8da30a740068c",
                "sha256:e06da813f9874897dbcfbc502b6a79fc67ec55a70d7446ff9a4d2728611348ab",
                "sha256:e6ff3388396396a12b54a117bde5196938fa1f2b2871f383f6975f34648cf2a7",
                "sha256:f7ce0fb00ea5d37d9a04b641ce0ef7707d7b3600dd346cef01f4a1923f57b4ca"
            ],
            "index": "pypi",
            "version": "==1.21.0"
        },
        "requests": {
            "hashes": [
                "sha256:7c5599b102feddaa661c826c56ab4fee28bfd17f5abca1ebbe3e7f19d7c97983",
                "sha256:8fefa2a1a1365bf5520aac41836fbee479da67864514bdb821f31ce07ce65349"
            ],
            "index": "pypi",
            "version": "==2.28.1"
        },
        "soupsieve": {
            "hashes": [
                "sha256:3b2503d3c7084a42b1ebd08116e5f81aadfaea95863628c80a3b774a11b7c759",
                "sha256:fc53893b3da2c33de295667a0e19f078c14bf86544af307354de5fcf12a3f30d"
            ],
            "markers": "python_version >= '3.6'",
            "version": "==2.3.2.post1"
        },
        "urllib3": {
            "hashes": [
                "sha256:3fa96cf423e6987997fc326ae8df396db2a8b7c667747d47ddd8ecba91f4a74e",
                "sha256:b930dd878d5a8afb066a637fbb35144fe7901e3b209d1cd4f524bd0e9deee997"
            ],
            "markers": "python_version >= '2.7' and python_version not in '3.0, 3.1, 3.2, 3.3, 3.4, 3.5' and python_version < '4'",
            "version": "==1.26.12"
        }
    },
    "develop": {}
}
